
Microsoft Visual Studio Solution File, Format Version 12.00
# Visual Studio Version 16
VisualStudioVersion = 16.0.31729.503
MinimumVisualStudioVersion = 10.0.40219.1
Project("{FAE04EC0-301F-11D3-BF4B-00C04F79EFBC}") = "ASPNETCoreWebApp2-VS", "ASPNETCoreWebApp2-VS\ASPNETCoreWebApp2-VS.csproj", "{FFC036FA-D03A-4CB8-A181-7E3529D67924}"
EndProject
Project("{FAE04EC0-301F-11D3-BF4B-00C04F79EFBC}") = "NUnitTestCasesWepAPP2-VS", "NUnitTestCasesWepAPP2-VS\NUnitTestCasesWepAPP2-VS.csproj", "{8F4848BA-9572-458C-89C2-B4F4D55F8903}"
EndProject
Global
	GlobalSection(SolutionConfigurationPlatforms) = preSolution
		Debug|Any CPU = Debug|Any CPU
		Release|Any CPU = Release|Any CPU
	EndGlobalSection
	GlobalSection(ProjectConfigurationPlatforms) = postSolution
		{FFC036FA-D03A-4CB8-A181-7E3529D67924}.Debug|Any CPU.ActiveCfg = Debug|Any CPU
		{FFC036FA-D03A-4CB8-A181-7E3529D67924}.Debug|Any CPU.Build.0 = Debug|Any CPU
		{FFC036FA-D03A-4CB8-A181-7E3529D67924}.Release|Any CPU.ActiveCfg = Release|Any CPU
		{FFC036FA-D03A-4CB8-A181-7E3529D67924}.Release|Any CPU.Build.0 = Release|Any CPU
		{8F4848BA-9572-458C-89C2-B4F4D55F8903}.Debug|Any CPU.ActiveCfg = Debug|Any CPU
		{8F4848BA-9572-458C-89C2-B4F4D55F8903}.Debug|Any CPU.Build.0 = Debug|Any CPU
		{8F4848BA-9572-458C-89C2-B4F4D55F8903}.Release|Any CPU.ActiveCfg = Release|Any CPU
		{8F4848BA-9572-458C-89C2-B4F4D55F8903}.Release|Any CPU.Build.0 = Release|Any CPU
	EndGlobalSection
	GlobalSection(SolutionProperties) = preSolution
		HideSolutionNode = FALSE
	EndGlobalSection
	GlobalSection(ExtensibilityGlobals) = postSolution
		SolutionGuid = {738597AA-C871-4AEC-A02C-BFF95360F5D9}
	EndGlobalSection
EndGlobal
